
Microsoft Visual Studio Solution File, Format Version 12.00
# Visual Studio Version 17
VisualStudioVersion = 17.0.31903.59
MinimumVisualStudioVersion = 10.0.40219.1
Project("{FAE04EC0-301F-11D3-BF4B-00C04F79EFBC}") = "API", "API\API.csproj", "{0B46CC11-6F7B-4391-96B0-AA29B85EF858}"
EndProject
Project("{FAE04EC0-301F-11D3-BF4B-00C04F79EFBC}") = "Application", "Application\Application.csproj", "{C6206EA6-BCE0-4FDE-9FD8-01E3CAAC30AA}"
EndProject
Project("{FAE04EC0-301F-11D3-BF4B-00C04F79EFBC}") = "Domain", "Domain\Domain.csproj", "{84DA6B3D-05E3-410D-B3AE-A3EE97F324F6}"
EndProject
Project("{FAE04EC0-301F-11D3-BF4B-00C04F79EFBC}") = "Persistence", "Persistence\Persistence.csproj", "{A6336D8C-2213-47B3-893D-21545CDFDA11}"
EndProject
Global
	GlobalSection(SolutionConfigurationPlatforms) = preSolution
		Debug|Any CPU = Debug|Any CPU
		Release|Any CPU = Release|Any CPU
	EndGlobalSection
	GlobalSection(SolutionProperties) = preSolution
		HideSolutionNode = FALSE
	EndGlobalSection
	GlobalSection(ProjectConfigurationPlatforms) = postSolution
		{0B46CC11-6F7B-4391-96B0-AA29B85EF858}.Debug|Any CPU.ActiveCfg = Debug|Any CPU
		{0B46CC11-6F7B-4391-96B0-AA29B85EF858}.Debug|Any CPU.Build.0 = Debug|Any CPU
		{0B46CC11-6F7B-4391-96B0-AA29B85EF858}.Release|Any CPU.ActiveCfg = Release|Any CPU
		{0B46CC11-6F7B-4391-96B0-AA29B85EF858}.Release|Any CPU.Build.0 = Release|Any CPU
		{C6206EA6-BCE0-4FDE-9FD8-01E3CAAC30AA}.Debug|Any CPU.ActiveCfg = Debug|Any CPU
		{C6206EA6-BCE0-4FDE-9FD8-01E3CAAC30AA}.Debug|Any CPU.Build.0 = Debug|Any CPU
		{C6206EA6-BCE0-4FDE-9FD8-01E3CAAC30AA}.Release|Any CPU.ActiveCfg = Release|Any CPU
		{C6206EA6-BCE0-4FDE-9FD8-01E3CAAC30AA}.Release|Any CPU.Build.0 = Release|Any CPU
		{84DA6B3D-05E3-410D-B3AE-A3EE97F324F6}.Debug|Any CPU.ActiveCfg = Debug|Any CPU
		{84DA6B3D-05E3-410D-B3AE-A3EE97F324F6}.Debug|Any CPU.Build.0 = Debug|Any CPU
		{84DA6B3D-05E3-410D-B3AE-A3EE97F324F6}.Release|Any CPU.ActiveCfg = Release|Any CPU
		{84DA6B3D-05E3-410D-B3AE-A3EE97F324F6}.Release|Any CPU.Build.0 = Release|Any CPU
		{A6336D8C-2213-47B3-893D-21545CDFDA11}.Debug|Any CPU.ActiveCfg = Debug|Any CPU
		{A6336D8C-2213-47B3-893D-21545CDFDA11}.Debug|Any CPU.Build.0 = Debug|Any CPU
		{A6336D8C-2213-47B3-893D-21545CDFDA11}.Release|Any CPU.ActiveCfg = Release|Any CPU
		{A6336D8C-2213-47B3-893D-21545CDFDA11}.Release|Any CPU.Build.0 = Release|Any CPU
	EndGlobalSection
EndGlobal
